
Microsoft Visual Studio Solution File, Format Version 12.00
# Visual Studio Version 16
VisualStudioVersion = 16.0.30114.105
MinimumVisualStudioVersion = 10.0.40219.1
Project("{FAE04EC0-301F-11D3-BF4B-00C04F79EFBC}") = "HelloMyNameIs", "HelloMyNameIs.csproj", "{C2CAE589-9FCF-40E8-940C-8C3F349E936A}"
EndProject
Global
	GlobalSection(SolutionConfigurationPlatforms) = preSolution
		Debug|Any CPU = Debug|Any CPU
		Release|Any CPU = Release|Any CPU
	EndGlobalSection
	GlobalSection(ProjectConfigurationPlatforms) = postSolution
		{C2CAE589-9FCF-40E8-940C-8C3F349E936A}.Debug|Any CPU.ActiveCfg = Debug|Any CPU
		{C2CAE589-9FCF-40E8-940C-8C3F349E936A}.Debug|Any CPU.Build.0 = Debug|Any CPU
		{C2CAE589-9FCF-40E8-940C-8C3F349E936A}.Release|Any CPU.ActiveCfg = Release|Any CPU
		{C2CAE589-9FCF-40E8-940C-8C3F349E936A}.Release|Any CPU.Build.0 = Release|Any CPU
	EndGlobalSection
	GlobalSection(SolutionProperties) = preSolution
		HideSolutionNode = FALSE
	EndGlobalSection
	GlobalSection(ExtensibilityGlobals) = postSolution
		SolutionGuid = {AE4FFA7F-5FA1-4866-A424-E965DE164132}
	EndGlobalSection
EndGlobal
